
Microsoft Visual Studio Solution File, Format Version 12.00
# Visual Studio Version 16
VisualStudioVersion = 16.0.33920.266
MinimumVisualStudioVersion = 10.0.40219.1
Project("{FAE04EC0-301F-11D3-BF4B-00C04F79EFBC}") = "mastery", "mastery.csproj", "{3ED7AFB8-482E-4837-A802-656F591F10DD}"
EndProject
Global
	GlobalSection(SolutionConfigurationPlatforms) = preSolution
		Debug|x64 = Debug|x64
		Release|x64 = Release|x64
	EndGlobalSection
	GlobalSection(ProjectConfigurationPlatforms) = postSolution
		{3ED7AFB8-482E-4837-A802-656F591F10DD}.Debug|x64.ActiveCfg = Debug|x64
		{3ED7AFB8-482E-4837-A802-656F591F10DD}.Debug|x64.Build.0 = Debug|x64
		{3ED7AFB8-482E-4837-A802-656F591F10DD}.Release|x64.ActiveCfg = Release|x64
		{3ED7AFB8-482E-4837-A802-656F591F10DD}.Release|x64.Build.0 = Release|x64
	EndGlobalSection
	GlobalSection(SolutionProperties) = preSolution
		HideSolutionNode = FALSE
	EndGlobalSection
	GlobalSection(ExtensibilityGlobals) = postSolution
		SolutionGuid = {077B0D2F-611B-4D49-9276-F7998870558B}
	EndGlobalSection
EndGlobal
